// !$*UTF8*$!
{
	archiveVersion = 1;
	classes = {
	};
	objectVersion = 56;
	objects = {

/* Begin PBXBuildFile section */
		EEBFBCA22AEE493900A121E6 /* AppDelegate.swift in Sources */ = {isa = PBXBuildFile; fileRef = EEBFBCA12AEE493900A121E6 /* AppDelegate.swift */; };
		EEBFBCA42AEE493900A121E6 /* SceneDelegate.swift in Sources */ = {isa = PBXBuildFile; fileRef = EEBFBCA32AEE493900A121E6 /* SceneDelegate.swift */; };
		EEBFBCA62AEE493900A121E6 /* ViewController.swift in Sources */ = {isa = PBXBuildFile; fileRef = EEBFBCA52AEE493900A121E6 /* ViewController.swift */; };
		EEBFBCA92AEE493900A121E6 /* Main.storyboard in Resources */ = {isa = PBXBuildFile; fileRef = EEBFBCA72AEE493900A121E6 /* Main.storyboard */; };
		EEBFBCAB2AEE493A00A121E6 /* Assets.xcassets in Resources */ = {isa = PBXBuildFile; fileRef = EEBFBCAA2AEE493A00A121E6 /* Assets.xcassets */; };
		EEBFBCAE2AEE493A00A121E6 /* LaunchScreen.storyboard in Resources */ = {isa = PBXBuildFile; fileRef = EEBFBCAC2AEE493A00A121E6 /* LaunchScreen.storyboard */; };
		EEBFBCB92AEE493A00A121E6 /* CounterTests.swift in Sources */ = {isa = PBXBuildFile; fileRef = EEBFBCB82AEE493A00A121E6 /* CounterTests.swift */; };
		EEBFBCC32AEE493A00A121E6 /* CounterUITests.swift in Sources */ = {isa = PBXBuildFile; fileRef = EEBFBCC22AEE493A00A121E6 /* CounterUITests.swift */; };
		EEBFBCC52AEE493A00A121E6 /* CounterUITestsLaunchTests.swift in Sources */ = {isa = PBXBuildFile; fileRef = EEBFBCC42AEE493A00A121E6 /* CounterUITestsLaunchTests.swift */; };
/* End PBXBuildFile section */

/* Begin PBXContainerItemProxy section */
		EEBFBCB52AEE493A00A121E6 /* PBXContainerItemProxy */ = {
			isa = PBXContainerItemProxy;
			containerPortal = EEBFBC962AEE493900A121E6 /* Project object */;
			proxyType = 1;
			remoteGlobalIDString = EEBFBC9D2AEE493900A121E6;
			remoteInfo = Counter;
		};
		EEBFBCBF2AEE493A00A121E6 /* PBXContainerItemProxy */ = {
			isa = PBXContainerItemProxy;
			containerPortal = EEBFBC962AEE493900A121E6 /* Project object */;
			proxyType = 1;
			remoteGlobalIDString = EEBFBC9D2AEE493900A121E6;
			remoteInfo = Counter;
		};
/* End PBXContainerItemProxy section */

/* Begin PBXFileReference section */
		EEBFBC9E2AEE493900A121E6 /* Counter.app */ = {isa = PBXFileReference; explicitFileType = wrapper.application; includeInIndex = 0; path = Counter.app; sourceTree = BUILT_PRODUCTS_DIR; };
		EEBFBCA12AEE493900A121E6 /* AppDelegate.swift */ = {isa = PBXFileReference; lastKnownFileType = sourcecode.swift; path = AppDelegate.swift; sourceTree = "<group>"; };
		EEBFBCA32AEE493900A121E6 /* SceneDelegate.swift */ = {isa = PBXFileReference; lastKnownFileType = sourcecode.swift; path = SceneDelegate.swift; sourceTree = "<group>"; };
		EEBFBCA52AEE493900A121E6 /* ViewController.swift */ = {isa = PBXFileReference; lastKnownFileType = sourcecode.swift; path = ViewController.swift; sourceTree = "<group>"; };
		EEBFBCA82AEE493900A121E6 /* Base */ = {isa = PBXFileReference; lastKnownFileType = file.storyboard; name = Base; path = Base.lproj/Main.storyboard; sourceTree = "<group>"; };
		EEBFBCAA2AEE493A00A121E6 /* Assets.xcassets */ = {isa = PBXFileReference; lastKnownFileType = folder.assetcatalog; path = Assets.xcassets; sourceTree = "<group>"; };
		EEBFBCAD2AEE493A00A121E6 /* Base */ = {isa = PBXFileReference; lastKnownFileType = file.storyboard; name = Base; path = Base.lproj/LaunchScreen.storyboard; sourceTree = "<group>"; };
		EEBFBCAF2AEE493A00A121E6 /* Info.plist */ = {isa = PBXFileReference; lastKnownFileType = text.plist.xml; path = Info.plist; sourceTree = "<group>"; };
		EEBFBCB42AEE493A00A121E6 /* CounterTests.xctest */ = {isa = PBXFileReference; explicitFileType = wrapper.cfbundle; includeInIndex = 0; path = CounterTests.xctest; sourceTree = BUILT_PRODUCTS_DIR; };
		EEBFBCB82AEE493A00A121E6 /* CounterTests.swift */ = {isa = PBXFileReference; lastKnownFileType = sourcecode.swift; path = CounterTests.swift; sourceTree = "<group>"; };
		EEBFBCBE2AEE493A00A121E6 /* CounterUITests.xctest */ = {isa = PBXFileReference; explicitFileType = wrapper.cfbundle; includeInIndex = 0; path = CounterUITests.xctest; sourceTree = BUILT_PRODUCTS_DIR; };
		EEBFBCC22AEE493A00A121E6 /* CounterUITests.swift */ = {isa = PBXFileReference; lastKnownFileType = sourcecode.swift; path = CounterUITests.swift; sourceTree = "<group>"; };
		EEBFBCC42AEE493A00A121E6 /* CounterUITestsLaunchTests.swift */ = {isa = PBXFileReference; lastKnownFileType = sourcecode.swift; path = CounterUITestsLaunchTests.swift; sourceTree = "<group>"; };
/* End PBXFileReference section */

/* Begin PBXFrameworksBuildPhase section */
		EEBFBC9B2AEE493900A121E6 /* Frameworks */ = {
			isa = PBXFrameworksBuildPhase;
			buildActionMask = 2147483647;
			files = (
			);
			runOnlyForDeploymentPostprocessing = 0;
		};
		EEBFBCB12AEE493A00A121E6 /* Frameworks */ = {
			isa = PBXFrameworksBuildPhase;
			buildActionMask = 2147483647;
			files = (
			);
			runOnlyForDeploymentPostprocessing = 0;
		};
		EEBFBCBB2AEE493A00A121E6 /* Frameworks */ = {
			isa = PBXFrameworksBuildPhase;
			buildActionMask = 2147483647;
			files = (
			);
			runOnlyForDeploymentPostprocessing = 0;
		};
/* End PBXFrameworksBuildPhase section */

/* Begin PBXGroup section */
		EEBFBC952AEE493900A121E6 = {
			isa = PBXGroup;
			children = (
				EEBFBCA02AEE493900A121E6 /* Counter */,
				EEBFBCB72AEE493A00A121E6 /* CounterTests */,
				EEBFBCC12AEE493A00A121E6 /* CounterUITests */,
				EEBFBC9F2AEE493900A121E6 /* Products */,
			);
			sourceTree = "<group>";
		};
		EEBFBC9F2AEE493900A121E6 /* Products */ = {
			isa = PBXGroup;
			children = (
				EEBFBC9E2AEE493900A121E6 /* Counter.app */,
				EEBFBCB42AEE493A00A121E6 /* CounterTests.xctest */,
				EEBFBCBE2AEE493A00A121E6 /* CounterUITests.xctest */,
			);
			name = Products;
			sourceTree = "<group>";
		};
		EEBFBCA02AEE493900A121E6 /* Counter */ = {
			isa = PBXGroup;
			children = (
				EEBFBCA12AEE493900A121E6 /* AppDelegate.swift */,
				EEBFBCA32AEE493900A121E6 /* SceneDelegate.swift */,
				EEBFBCA52AEE493900A121E6 /* ViewController.swift */,
				EEBFBCA72AEE493900A121E6 /* Main.storyboard */,
				EEBFBCAA2AEE493A00A121E6 /* Assets.xcassets */,
				EEBFBCAC2AEE493A00A121E6 /* LaunchScreen.storyboard */,
				EEBFBCAF2AEE493A00A121E6 /* Info.plist */,
			);
			path = Counter;
			sourceTree = "<group>";
		};
		EEBFBCB72AEE493A00A121E6 /* CounterTests */ = {
			isa = PBXGroup;
			children = (
				EEBFBCB82AEE493A00A121E6 /* CounterTests.swift */,
			);
			path = CounterTests;
			sourceTree = "<group>";
		};
		EEBFBCC12AEE493A00A121E6 /* CounterUITests */ = {
			isa = PBXGroup;
			children = (
				EEBFBCC22AEE493A00A121E6 /* CounterUITests.swift */,
				EEBFBCC42AEE493A00A121E6 /* CounterUITestsLaunchTests.swift */,
			);
			path = CounterUITests;
			sourceTree = "<group>";
		};
/* End PBXGroup section */

/* Begin PBXNativeTarget section */
		EEBFBC9D2AEE493900A121E6 /* Counter */ = {
			isa = PBXNativeTarget;
			buildConfigurationList = EEBFBCC82AEE493A00A121E6 /* Build configuration list for PBXNativeTarget "Counter" */;
			buildPhases = (
				EEBFBC9A2AEE493900A121E6 /* Sources */,
				EEBFBC9B2AEE493900A121E6 /* Frameworks */,
				EEBFBC9C2AEE493900A121E6 /* Resources */,
			);
			buildRules = (
			);
			dependencies = (
			);
			name = Counter;
			productName = Counter;
			productReference = EEBFBC9E2AEE493900A121E6 /* Counter.app */;
			productType = "com.apple.product-type.application";
		};
		EEBFBCB32AEE493A00A121E6 /* CounterTests */ = {
			isa = PBXNativeTarget;
			buildConfigurationList = EEBFBCCB2AEE493A00A121E6 /* Build configuration list for PBXNativeTarget "CounterTests" */;
			buildPhases = (
				EEBFBCB02AEE493A00A121E6 /* Sources */,
				EEBFBCB12AEE493A00A121E6 /* Frameworks */,
				EEBFBCB22AEE493A00A121E6 /* Resources */,
			);
			buildRules = (
			);
			dependencies = (
				EEBFBCB62AEE493A00A121E6 /* PBXTargetDependency */,
			);
			name = CounterTests;
			productName = CounterTests;
			productReference = EEBFBCB42AEE493A00A121E6 /* CounterTests.xctest */;
			productType = "com.apple.product-type.bundle.unit-test";
		};
		EEBFBCBD2AEE493A00A121E6 /* CounterUITests */ = {
			isa = PBXNativeTarget;
			buildConfigurationList = EEBFBCCE2AEE493A00A121E6 /* Build configuration list for PBXNativeTarget "CounterUITests" */;
			buildPhases = (
				EEBFBCBA2AEE493A00A121E6 /* Sources */,
				EEBFBCBB2AEE493A00A121E6 /* Frameworks */,
				EEBFBCBC2AEE493A00A121E6 /* Resources */,
			);
			buildRules = (
			);
			dependencies = (
				EEBFBCC02AEE493A00A121E6 /* PBXTargetDependency */,
			);
			name = CounterUITests;
			productName = CounterUITests;
			productReference = EEBFBCBE2AEE493A00A121E6 /* CounterUITests.xctest */;
			productType = "com.apple.product-type.bundle.ui-testing";
		};
/* End PBXNativeTarget section */

/* Begin PBXProject section */
		EEBFBC962AEE493900A121E6 /* Project object */ = {
			isa = PBXProject;
			attributes = {
				BuildIndependentTargetsInParallel = 1;
				LastSwiftUpdateCheck = 1430;
				LastUpgradeCheck = 1430;
				TargetAttributes = {
					EEBFBC9D2AEE493900A121E6 = {
						CreatedOnToolsVersion = 14.3.1;
					};
					EEBFBCB32AEE493A00A121E6 = {
						CreatedOnToolsVersion = 14.3.1;
						TestTargetID = EEBFBC9D2AEE493900A121E6;
					};
					EEBFBCBD2AEE493A00A121E6 = {
						CreatedOnToolsVersion = 14.3.1;
						TestTargetID = EEBFBC9D2AEE493900A121E6;
					};
				};
			};
			buildConfigurationList = EEBFBC992AEE493900A121E6 /* Build configuration list for PBXProject "Counter" */;
			compatibilityVersion = "Xcode 14.0";
			developmentRegion = en;
			hasScannedForEncodings = 0;
			knownRegions = (
				en,
				Base,
			);
			mainGroup = EEBFBC952AEE493900A121E6;
			productRefGroup = EEBFBC9F2AEE493900A121E6 /* Products */;
			projectDirPath = "";
			projectRoot = "";
			targets = (
				EEBFBC9D2AEE493900A121E6 /* Counter */,
				EEBFBCB32AEE493A00A121E6 /* CounterTests */,
				EEBFBCBD2AEE493A00A121E6 /* CounterUITests */,
			);
		};
/* End PBXProject section */

/* Begin PBXResourcesBuildPhase section */
		EEBFBC9C2AEE493900A121E6 /* Resources */ = {
			isa = PBXResourcesBuildPhase;
			buildActionMask = 2147483647;
			files = (
				EEBFBCAE2AEE493A00A121E6 /* LaunchScreen.storyboard in Resources */,
				EEBFBCAB2AEE493A00A121E6 /* Assets.xcassets in Resources */,
				EEBFBCA92AEE493900A121E6 /* Main.storyboard in Resources */,
			);
			runOnlyForDeploymentPostprocessing = 0;
		};
		EEBFBCB22AEE493A00A121E6 /* Resources */ = {
			isa = PBXResourcesBuildPhase;
			buildActionMask = 2147483647;
			files = (
			);
			runOnlyForDeploymentPostprocessing = 0;
		};
		EEBFBCBC2AEE493A00A121E6 /* Resources */ = {
			isa = PBXResourcesBuildPhase;
			buildActionMask = 2147483647;
			files = (
			);
			runOnlyForDeploymentPostprocessing = 0;
		};
/* End PBXResourcesBuildPhase section */

/* Begin PBXSourcesBuildPhase section */
		EEBFBC9A2AEE493900A121E6 /* Sources */ = {
			isa = PBXSourcesBuildPhase;
			buildActionMask = 2147483647;
			files = (
				EEBFBCA62AEE493900A121E6 /* ViewController.swift in Sources */,
				EEBFBCA22AEE493900A121E6 /* AppDelegate.swift in Sources */,
				EEBFBCA42AEE493900A121E6 /* SceneDelegate.swift in Sources */,
			);
			runOnlyForDeploymentPostprocessing = 0;
		};
		EEBFBCB02AEE493A00A121E6 /* Sources */ = {
			isa = PBXSourcesBuildPhase;
			buildActionMask = 2147483647;
			files = (
				EEBFBCB92AEE493A00A121E6 /* CounterTests.swift in Sources */,
			);
			runOnlyForDeploymentPostprocessing = 0;
		};
		EEBFBCBA2AEE493A00A121E6 /* Sources */ = {
			isa = PBXSourcesBuildPhase;
			buildActionMask = 2147483647;
			files = (
				EEBFBCC32AEE493A00A121E6 /* CounterUITests.swift in Sources */,
				EEBFBCC52AEE493A00A121E6 /* CounterUITestsLaunchTests.swift in Sources */,
			);
			runOnlyForDeploymentPostprocessing = 0;
		};
/* End PBXSourcesBuildPhase section */

/* Begin PBXTargetDependency section */
		EEBFBCB62AEE493A00A121E6 /* PBXTargetDependency */ = {
			isa = PBXTargetDependency;
			target = EEBFBC9D2AEE493900A121E6 /* Counter */;
			targetProxy = EEBFBCB52AEE493A00A121E6 /* PBXContainerItemProxy */;
		};
		EEBFBCC02AEE493A00A121E6 /* PBXTargetDependency */ = {
			isa = PBXTargetDependency;
			target = EEBFBC9D2AEE493900A121E6 /* Counter */;
			targetProxy = EEBFBCBF2AEE493A00A121E6 /* PBXContainerItemProxy */;
		};
/* End PBXTargetDependency section */

/* Begin PBXVariantGroup section */
		EEBFBCA72AEE493900A121E6 /* Main.storyboard */ = {
			isa = PBXVariantGroup;
			children = (
				EEBFBCA82AEE493900A121E6 /* Base */,
			);
			name = Main.storyboard;
			sourceTree = "<group>";
		};
		EEBFBCAC2AEE493A00A121E6 /* LaunchScreen.storyboard */ = {
			isa = PBXVariantGroup;
			children = (
				EEBFBCAD2AEE493A00A121E6 /* Base */,
			);
			name = LaunchScreen.storyboard;
			sourceTree = "<group>";
		};
/* End PBXVariantGroup section */

/* Begin XCBuildConfiguration section */
		EEBFBCC62AEE493A00A121E6 /* Debug */ = {
			isa = XCBuildConfiguration;
			buildSettings = {
				ALWAYS_SEARCH_USER_PATHS = NO;
				CLANG_ANALYZER_NONNULL = YES;
				CLANG_ANALYZER_NUMBER_OBJECT_CONVERSION = YES_AGGRESSIVE;
				CLANG_CXX_LANGUAGE_STANDARD = "gnu++20";
				CLANG_ENABLE_MODULES = YES;
				CLANG_ENABLE_OBJC_ARC = YES;
				CLANG_ENABLE_OBJC_WEAK = YES;
				CLANG_WARN_BLOCK_CAPTURE_AUTORELEASING = YES;
				CLANG_WARN_BOOL_CONVERSION = YES;
				CLANG_WARN_COMMA = YES;
				CLANG_WARN_CONSTANT_CONVERSION = YES;
				CLANG_WARN_DEPRECATED_OBJC_IMPLEMENTATIONS = YES;
				CLANG_WARN_DIRECT_OBJC_ISA_USAGE = YES_ERROR;
				CLANG_WARN_DOCUMENTATION_COMMENTS = YES;
				CLANG_WARN_EMPTY_BODY = YES;
				CLANG_WARN_ENUM_CONVERSION = YES;
				CLANG_WARN_INFINITE_RECURSION = YES;
				CLANG_WARN_INT_CONVERSION = YES;
				CLANG_WARN_NON_LITERAL_NULL_CONVERSION = YES;
				CLANG_WARN_OBJC_IMPLICIT_RETAIN_SELF = YES;
				CLANG_WARN_OBJC_LITERAL_CONVERSION = YES;
				CLANG_WARN_OBJC_ROOT_CLASS = YES_ERROR;
				CLANG_WARN_QUOTED_INCLUDE_IN_FRAMEWORK_HEADER = YES;
				CLANG_WARN_RANGE_LOOP_ANALYSIS = YES;
				CLANG_WARN_STRICT_PROTOTYPES = YES;
				CLANG_WARN_SUSPICIOUS_MOVE = YES;
				CLANG_WARN_UNGUARDED_AVAILABILITY = YES_AGGRESSIVE;
				CLANG_WARN_UNREACHABLE_CODE = YES;
				CLANG_WARN__DUPLICATE_METHOD_MATCH = YES;
				COPY_PHASE_STRIP = NO;
				DEBUG_INFORMATION_FORMAT = dwarf;
				ENABLE_STRICT_OBJC_MSGSEND = YES;
				ENABLE_TESTABILITY = YES;
				GCC_C_LANGUAGE_STANDARD = gnu11;
				GCC_DYNAMIC_NO_PIC = NO;
				GCC_NO_COMMON_BLOCKS = YES;
				GCC_OPTIMIZATION_LEVEL = 0;
				GCC_PREPROCESSOR_DEFINITIONS = (
					"DEBUG=1",
					"$(inherited)",
				);
				GCC_WARN_64_TO_32_BIT_CONVERSION = YES;
				GCC_WARN_ABOUT_RETURN_TYPE = YES_ERROR;
				GCC_WARN_UNDECLARED_SELECTOR = YES;
				GCC_WARN_UNINITIALIZED_AUTOS = YES_AGGRESSIVE;
				GCC_WARN_UNUSED_FUNCTION = YES;
				GCC_WARN_UNUSED_VARIABLE = YES;
				IPHONEOS_DEPLOYMENT_TARGET = 16.4;
				MTL_ENABLE_DEBUG_INFO = INCLUDE_SOURCE;
				MTL_FAST_MATH = YES;
				ONLY_ACTIVE_ARCH = YES;
				SDKROOT = iphoneos;
				SWIFT_ACTIVE_COMPILATION_CONDITIONS = DEBUG;
				SWIFT_OPTIMIZATION_LEVEL = "-Onone";
			};
			name = Debug;
		};
		EEBFBCC72AEE493A00A121E6 /* Release */ = {
			isa = XCBuildConfiguration;
			buildSettings = {
				ALWAYS_SEARCH_USER_PATHS = NO;
				CLANG_ANALYZER_NONNULL = YES;
				CLANG_ANALYZER_NUMBER_OBJECT_CONVERSION = YES_AGGRESSIVE;
				CLANG_CXX_LANGUAGE_STANDARD = "gnu++20";
				CLANG_ENABLE_MODULES = YES;
				CLANG_ENABLE_OBJC_ARC = YES;
				CLANG_ENABLE_OBJC_WEAK = YES;
				CLANG_WARN_BLOCK_CAPTURE_AUTORELEASING = YES;
				CLANG_WARN_BOOL_CONVERSION = YES;
				CLANG_WARN_COMMA = YES;
				CLANG_WARN_CONSTANT_CONVERSION = YES;
				CLANG_WARN_DEPRECATED_OBJC_IMPLEMENTATIONS = YES;
				CLANG_WARN_DIRECT_OBJC_ISA_USAGE = YES_ERROR;
				CLANG_WARN_DOCUMENTATION_COMMENTS = YES;
				CLANG_WARN_EMPTY_BODY = YES;
				CLANG_WARN_ENUM_CONVERSION = YES;
				CLANG_WARN_INFINITE_RECURSION = YES;
				CLANG_WARN_INT_CONVERSION = YES;
				CLANG_WARN_NON_LITERAL_NULL_CONVERSION = YES;
				CLANG_WARN_OBJC_IMPLICIT_RETAIN_SELF = YES;
				CLANG_WARN_OBJC_LITERAL_CONVERSION = YES;
				CLANG_WARN_OBJC_ROOT_CLASS = YES_ERROR;
				CLANG_WARN_QUOTED_INCLUDE_IN_FRAMEWORK_HEADER = YES;
				CLANG_WARN_RANGE_LOOP_ANALYSIS = YES;
				CLANG_WARN_STRICT_PROTOTYPES = YES;
				CLANG_WARN_SUSPICIOUS_MOVE = YES;
				CLANG_WARN_UNGUARDED_AVAILABILITY = YES_AGGRESSIVE;
				CLANG_WARN_UNREACHABLE_CODE = YES;
				CLANG_WARN__DUPLICATE_METHOD_MATCH = YES;
				COPY_PHASE_STRIP = NO;
				DEBUG_INFORMATION_FORMAT = "dwarf-with-dsym";
				ENABLE_NS_ASSERTIONS = NO;
				ENABLE_STRICT_OBJC_MSGSEND = YES;
				GCC_C_LANGUAGE_STANDARD = gnu11;
				GCC_NO_COMMON_BLOCKS = YES;
				GCC_WARN_64_TO_32_BIT_CONVERSION = YES;
				GCC_WARN_ABOUT_RETURN_TYPE = YES_ERROR;
				GCC_WARN_UNDECLARED_SELECTOR = YES;
				GCC_WARN_UNINITIALIZED_AUTOS = YES_AGGRESSIVE;
				GCC_WARN_UNUSED_FUNCTION = YES;
				GCC_WARN_UNUSED_VARIABLE = YES;
				IPHONEOS_DEPLOYMENT_TARGET = 16.4;
				MTL_ENABLE_DEBUG_INFO = NO;
				MTL_FAST_MATH = YES;
				SDKROOT = iphoneos;
				SWIFT_COMPILATION_MODE = wholemodule;
				SWIFT_OPTIMIZATION_LEVEL = "-O";
				VALIDATE_PRODUCT = YES;
			};
			name = Release;
		};
		EEBFBCC92AEE493A00A121E6 /* Debug */ = {
			isa = XCBuildConfiguration;
			buildSettings = {
				ASSETCATALOG_COMPILER_APPICON_NAME = AppIcon;
				ASSETCATALOG_COMPILER_GLOBAL_ACCENT_COLOR_NAME = AccentColor;
				CODE_SIGN_STYLE = Automatic;
				CURRENT_PROJECT_VERSION = 1;
				GENERATE_INFOPLIST_FILE = YES;
				INFOPLIST_FILE = Counter/Info.plist;
				INFOPLIST_KEY_UIApplicationSupportsIndirectInputEvents = YES;
				INFOPLIST_KEY_UILaunchStoryboardName = LaunchScreen;
				INFOPLIST_KEY_UIMainStoryboardFile = Main;
				INFOPLIST_KEY_UISupportedInterfaceOrientations_iPad = "UIInterfaceOrientationPortrait UIInterfaceOrientationPortraitUpsideDown UIInterfaceOrientationLandscapeLeft UIInterfaceOrientationLandscapeRight";
				INFOPLIST_KEY_UISupportedInterfaceOrientations_iPhone = "UIInterfaceOrientationPortrait UIInterfaceOrientationLandscapeLeft UIInterfaceOrientationLandscapeRight";
				LD_RUNPATH_SEARCH_PATHS = (
					"$(inherited)",
					"@executable_path/Frameworks",
				);
				MARKETING_VERSION = 1.0;
				PRODUCT_BUNDLE_IDENTIFIER = MRTzali.Counter;
				PRODUCT_NAME = "$(TARGET_NAME)";
				SWIFT_EMIT_LOC_STRINGS = YES;
				SWIFT_VERSION = 5.0;
				TARGETED_DEVICE_FAMILY = "1,2";
			};
			name = Debug;
		};
		EEBFBCCA2AEE493A00A121E6 /* Release */ = {
			isa = XCBuildConfiguration;
			buildSettings = {
				ASSETCATALOG_COMPILER_APPICON_NAME = AppIcon;
				ASSETCATALOG_COMPILER_GLOBAL_ACCENT_COLOR_NAME = AccentColor;
				CODE_SIGN_STYLE = Automatic;
				CURRENT_PROJECT_VERSION = 1;
				GENERATE_INFOPLIST_FILE = YES;
				INFOPLIST_FILE = Counter/Info.plist;
				INFOPLIST_KEY_UIApplicationSupportsIndirectInputEvents = YES;
				INFOPLIST_KEY_UILaunchStoryboardName = LaunchScreen;
				INFOPLIST_KEY_UIMainStoryboardFile = Main;
				INFOPLIST_KEY_UISupportedInterfaceOrientations_iPad = "UIInterfaceOrientationPortrait UIInterfaceOrientationPortraitUpsideDown UIInterfaceOrientationLandscapeLeft UIInterfaceOrientationLandscapeRight";
				INFOPLIST_KEY_UISupportedInterfaceOrientations_iPhone = "UIInterfaceOrientationPortrait UIInterfaceOrientationLandscapeLeft UIInterfaceOrientationLandscapeRight";
				LD_RUNPATH_SEARCH_PATHS = (
					"$(inherited)",
					"@executable_path/Frameworks",
				);
				MARKETING_VERSION = 1.0;
				PRODUCT_BUNDLE_IDENTIFIER = MRTzali.Counter;
				PRODUCT_NAME = "$(TARGET_NAME)";
				SWIFT_EMIT_LOC_STRINGS = YES;
				SWIFT_VERSION = 5.0;
				TARGETED_DEVICE_FAMILY = "1,2";
			};
			name = Release;
		};
		EEBFBCCC2AEE493A00A121E6 /* Debug */ = {
			isa = XCBuildConfiguration;
			buildSettings = {
				ALWAYS_EMBED_SWIFT_STANDARD_LIBRARIES = YES;
				BUNDLE_LOADER = "$(TEST_HOST)";
				CODE_SIGN_STYLE = Automatic;
				CURRENT_PROJECT_VERSION = 1;
				GENERATE_INFOPLIST_FILE = YES;
				IPHONEOS_DEPLOYMENT_TARGET = 16.4;
				MARKETING_VERSION = 1.0;
				PRODUCT_BUNDLE_IDENTIFIER = MRTzali.CounterTests;
				PRODUCT_NAME = "$(TARGET_NAME)";
				SWIFT_EMIT_LOC_STRINGS = NO;
				SWIFT_VERSION = 5.0;
				TARGETED_DEVICE_FAMILY = "1,2";
				TEST_HOST = "$(BUILT_PRODUCTS_DIR)/Counter.app/$(BUNDLE_EXECUTABLE_FOLDER_PATH)/Counter";
			};
			name = Debug;
		};
		EEBFBCCD2AEE493A00A121E6 /* Release */ = {
			isa = XCBuildConfiguration;
			buildSettings = {
				ALWAYS_EMBED_SWIFT_STANDARD_LIBRARIES = YES;
				BUNDLE_LOADER = "$(TEST_HOST)";
				CODE_SIGN_STYLE = Automatic;
				CURRENT_PROJECT_VERSION = 1;
				GENERATE_INFOPLIST_FILE = YES;
				IPHONEOS_DEPLOYMENT_TARGET = 16.4;
				MARKETING_VERSION = 1.0;
				PRODUCT_BUNDLE_IDENTIFIER = MRTzali.CounterTests;
				PRODUCT_NAME = "$(TARGET_NAME)";
				SWIFT_EMIT_LOC_STRINGS = NO;
				SWIFT_VERSION = 5.0;
				TARGETED_DEVICE_FAMILY = "1,2";
				TEST_HOST = "$(BUILT_PRODUCTS_DIR)/Counter.app/$(BUNDLE_EXECUTABLE_FOLDER_PATH)/Counter";
			};
			name = Release;
		};
		EEBFBCCF2AEE493A00A121E6 /* Debug */ = {
			isa = XCBuildConfiguration;
			buildSettings = {
				ALWAYS_EMBED_SWIFT_STANDARD_LIBRARIES = YES;
				CODE_SIGN_STYLE = Automatic;
				CURRENT_PROJECT_VERSION = 1;
				GENERATE_INFOPLIST_FILE = YES;
				MARKETING_VERSION = 1.0;
				PRODUCT_BUNDLE_IDENTIFIER = MRTzali.CounterUITests;
				PRODUCT_NAME = "$(TARGET_NAME)";
				SWIFT_EMIT_LOC_STRINGS = NO;
				SWIFT_VERSION = 5.0;
				TARGETED_DEVICE_FAMILY = "1,2";
				TEST_TARGET_NAME = Counter;
			};
			name = Debug;
		};
		EEBFBCD02AEE493A00A121E6 /* Release */ = {
			isa = XCBuildConfiguration;
			buildSettings = {
				ALWAYS_EMBED_SWIFT_STANDARD_LIBRARIES = YES;
				CODE_SIGN_STYLE = Automatic;
				CURRENT_PROJECT_VERSION = 1;
				GENERATE_INFOPLIST_FILE = YES;
				MARKETING_VERSION = 1.0;
				PRODUCT_BUNDLE_IDENTIFIER = MRTzali.CounterUITests;
				PRODUCT_NAME = "$(TARGET_NAME)";
				SWIFT_EMIT_LOC_STRINGS = NO;
				SWIFT_VERSION = 5.0;
				TARGETED_DEVICE_FAMILY = "1,2";
				TEST_TARGET_NAME = Counter;
			};
			name = Release;
		};
/* End XCBuildConfiguration section */

/* Begin XCConfigurationList section */
		EEBFBC992AEE493900A121E6 /* Build configuration list for PBXProject "Counter" */ = {
			isa = XCConfigurationList;
			buildConfigurations = (
				EEBFBCC62AEE493A00A121E6 /* Debug */,
				EEBFBCC72AEE493A00A121E6 /* Release */,
			);
			defaultConfigurationIsVisible = 0;
			defaultConfigurationName = Release;
		};
		EEBFBCC82AEE493A00A121E6 /* Build configuration list for PBXNativeTarget "Counter" */ = {
			isa = XCConfigurationList;
			buildConfigurations = (
				EEBFBCC92AEE493A00A121E6 /* Debug */,
				EEBFBCCA2AEE493A00A121E6 /* Release */,
			);
			defaultConfigurationIsVisible = 0;
			defaultConfigurationName = Release;
		};
		EEBFBCCB2AEE493A00A121E6 /* Build configuration list for PBXNativeTarget "CounterTests" */ = {
			isa = XCConfigurationList;
			buildConfigurations = (
				EEBFBCCC2AEE493A00A121E6 /* Debug */,
				EEBFBCCD2AEE493A00A121E6 /* Release */,
			);
			defaultConfigurationIsVisible = 0;
			defaultConfigurationName = Release;
		};
		EEBFBCCE2AEE493A00A121E6 /* Build configuration list for PBXNativeTarget "CounterUITests" */ = {
			isa = XCConfigurationList;
			buildConfigurations = (
				EEBFBCCF2AEE493A00A121E6 /* Debug */,
				EEBFBCD02AEE493A00A121E6 /* Release */,
			);
			defaultConfigurationIsVisible = 0;
			defaultConfigurationName = Release;
		};
/* End XCConfigurationList section */
	};
	rootObject = EEBFBC962AEE493900A121E6 /* Project object */;
}
